// !$*UTF8*$!
{
	archiveVersion = 1;
	classes = {
	};
	objectVersion = 46;
	objects = {

/* Begin PBXBuildFile section */
		9928D6EB1F5EF4020072EEEE /* AppDelegate.swift in Sources */ = {isa = PBXBuildFile; fileRef = 9928D6EA1F5EF4020072EEEE /* AppDelegate.swift */; };
		9928D6F01F5EF4020072EEEE /* Main.storyboard in Resources */ = {isa = PBXBuildFile; fileRef = 9928D6EE1F5EF4020072EEEE /* Main.storyboard */; };
		9928D6F21F5EF4020072EEEE /* Assets.xcassets in Resources */ = {isa = PBXBuildFile; fileRef = 9928D6F11F5EF4020072EEEE /* Assets.xcassets */; };
		9928D6F51F5EF4020072EEEE /* LaunchScreen.storyboard in Resources */ = {isa = PBXBuildFile; fileRef = 9928D6F31F5EF4020072EEEE /* LaunchScreen.storyboard */; };
		9928D7001F5EF42B0072EEEE /* LoginViewController.swift in Sources */ = {isa = PBXBuildFile; fileRef = 9928D6FF1F5EF42B0072EEEE /* LoginViewController.swift */; };
		9928D7021F5EF52B0072EEEE /* MapViewController.swift in Sources */ = {isa = PBXBuildFile; fileRef = 9928D7011F5EF52B0072EEEE /* MapViewController.swift */; };
		9928D7041F5EF5750072EEEE /* AddPinViewController.swift in Sources */ = {isa = PBXBuildFile; fileRef = 9928D7031F5EF5750072EEEE /* AddPinViewController.swift */; };
		9928D7061F5EF59D0072EEEE /* PinListTableViewController.swift in Sources */ = {isa = PBXBuildFile; fileRef = 9928D7051F5EF59D0072EEEE /* PinListTableViewController.swift */; };
		9928D7091F5F12000072EEEE /* UDAClient.swift in Sources */ = {isa = PBXBuildFile; fileRef = 9928D7081F5F12000072EEEE /* UDAClient.swift */; };
		9928D71D1F5F233B0072EEEE /* PARClient.swift in Sources */ = {isa = PBXBuildFile; fileRef = 9928D71C1F5F233B0072EEEE /* PARClient.swift */; };
		9928D71F1F5F35A80072EEEE /* StudentInformation.swift in Sources */ = {isa = PBXBuildFile; fileRef = 9928D71E1F5F35A80072EEEE /* StudentInformation.swift */; };
		997A5CDC1F60184000564334 /* CoordinatesRange.swift in Sources */ = {isa = PBXBuildFile; fileRef = 997A5CDB1F60184000564334 /* CoordinatesRange.swift */; };
		997A5CDE1F60197100564334 /* JsonUtil.swift in Sources */ = {isa = PBXBuildFile; fileRef = 997A5CDD1F60197100564334 /* JsonUtil.swift */; };
		997A5CE01F601B0F00564334 /* WebUtils.swift in Sources */ = {isa = PBXBuildFile; fileRef = 997A5CDF1F601B0F00564334 /* WebUtils.swift */; };
		997A5CE21F6033C200564334 /* UDAUser.swift in Sources */ = {isa = PBXBuildFile; fileRef = 997A5CE11F6033C200564334 /* UDAUser.swift */; };
		997A5CE41F60367B00564334 /* AddPinMapViewController.swift in Sources */ = {isa = PBXBuildFile; fileRef = 997A5CE31F60367B00564334 /* AddPinMapViewController.swift */; };
		997A5CE61F603ADD00564334 /* UIUtils.swift in Sources */ = {isa = PBXBuildFile; fileRef = 997A5CE51F603ADD00564334 /* UIUtils.swift */; };
		997A5CEA1F6045A400564334 /* PinListTableViewCell.swift in Sources */ = {isa = PBXBuildFile; fileRef = 997A5CE91F6045A400564334 /* PinListTableViewCell.swift */; };
		99B562991F61589E00DC587A /* Constants.swift in Sources */ = {isa = PBXBuildFile; fileRef = 99B562981F61589E00DC587A /* Constants.swift */; };
/* End PBXBuildFile section */

/* Begin PBXFileReference section */
		9928D6E71F5EF4020072EEEE /* on-the-map.app */ = {isa = PBXFileReference; explicitFileType = wrapper.application; includeInIndex = 0; path = "on-the-map.app"; sourceTree = BUILT_PRODUCTS_DIR; };
		9928D6EA1F5EF4020072EEEE /* AppDelegate.swift */ = {isa = PBXFileReference; lastKnownFileType = sourcecode.swift; path = AppDelegate.swift; sourceTree = "<group>"; };
		9928D6EF1F5EF4020072EEEE /* Base */ = {isa = PBXFileReference; lastKnownFileType = file.storyboard; name = Base; path = Base.lproj/Main.storyboard; sourceTree = "<group>"; };
		9928D6F11F5EF4020072EEEE /* Assets.xcassets */ = {isa = PBXFileReference; lastKnownFileType = folder.assetcatalog; path = Assets.xcassets; sourceTree = "<group>"; };
		9928D6F41F5EF4020072EEEE /* Base */ = {isa = PBXFileReference; lastKnownFileType = file.storyboard; name = Base; path = Base.lproj/LaunchScreen.storyboard; sourceTree = "<group>"; };
		9928D6F61F5EF4020072EEEE /* Info.plist */ = {isa = PBXFileReference; lastKnownFileType = text.plist.xml; path = Info.plist; sourceTree = "<group>"; };
		9928D6FF1F5EF42B0072EEEE /* LoginViewController.swift */ = {isa = PBXFileReference; fileEncoding = 4; lastKnownFileType = sourcecode.swift; path = LoginViewController.swift; sourceTree = "<group>"; };
		9928D7011F5EF52B0072EEEE /* MapViewController.swift */ = {isa = PBXFileReference; fileEncoding = 4; lastKnownFileType = sourcecode.swift; path = MapViewController.swift; sourceTree = "<group>"; };
		9928D7031F5EF5750072EEEE /* AddPinViewController.swift */ = {isa = PBXFileReference; fileEncoding = 4; lastKnownFileType = sourcecode.swift; path = AddPinViewController.swift; sourceTree = "<group>"; };
		9928D7051F5EF59D0072EEEE /* PinListTableViewController.swift */ = {isa = PBXFileReference; fileEncoding = 4; lastKnownFileType = sourcecode.swift; path = PinListTableViewController.swift; sourceTree = "<group>"; };
		9928D7081F5F12000072EEEE /* UDAClient.swift */ = {isa = PBXFileReference; fileEncoding = 4; lastKnownFileType = sourcecode.swift; path = UDAClient.swift; sourceTree = "<group>"; };
		9928D71C1F5F233B0072EEEE /* PARClient.swift */ = {isa = PBXFileReference; fileEncoding = 4; lastKnownFileType = sourcecode.swift; path = PARClient.swift; sourceTree = "<group>"; };
		9928D71E1F5F35A80072EEEE /* StudentInformation.swift */ = {isa = PBXFileReference; fileEncoding = 4; lastKnownFileType = sourcecode.swift; path = StudentInformation.swift; sourceTree = "<group>"; };
		997A5CDB1F60184000564334 /* CoordinatesRange.swift */ = {isa = PBXFileReference; fileEncoding = 4; lastKnownFileType = sourcecode.swift; path = CoordinatesRange.swift; sourceTree = "<group>"; };
		997A5CDD1F60197100564334 /* JsonUtil.swift */ = {isa = PBXFileReference; fileEncoding = 4; lastKnownFileType = sourcecode.swift; path = JsonUtil.swift; sourceTree = "<group>"; };
		997A5CDF1F601B0F00564334 /* WebUtils.swift */ = {isa = PBXFileReference; fileEncoding = 4; lastKnownFileType = sourcecode.swift; path = WebUtils.swift; sourceTree = "<group>"; };
		997A5CE11F6033C200564334 /* UDAUser.swift */ = {isa = PBXFileReference; fileEncoding = 4; lastKnownFileType = sourcecode.swift; path = UDAUser.swift; sourceTree = "<group>"; };
		997A5CE31F60367B00564334 /* AddPinMapViewController.swift */ = {isa = PBXFileReference; fileEncoding = 4; lastKnownFileType = sourcecode.swift; path = AddPinMapViewController.swift; sourceTree = "<group>"; };
		997A5CE51F603ADD00564334 /* UIUtils.swift */ = {isa = PBXFileReference; fileEncoding = 4; lastKnownFileType = sourcecode.swift; path = UIUtils.swift; sourceTree = "<group>"; };
		997A5CE91F6045A400564334 /* PinListTableViewCell.swift */ = {isa = PBXFileReference; fileEncoding = 4; lastKnownFileType = sourcecode.swift; path = PinListTableViewCell.swift; sourceTree = "<group>"; };
		99B562981F61589E00DC587A /* Constants.swift */ = {isa = PBXFileReference; fileEncoding = 4; lastKnownFileType = sourcecode.swift; path = Constants.swift; sourceTree = "<group>"; };
/* End PBXFileReference section */

/* Begin PBXFrameworksBuildPhase section */
		9928D6E41F5EF4020072EEEE /* Frameworks */ = {
			isa = PBXFrameworksBuildPhase;
			buildActionMask = 2147483647;
			files = (
			);
			runOnlyForDeploymentPostprocessing = 0;
		};
/* End PBXFrameworksBuildPhase section */

/* Begin PBXGroup section */
		9928D6DE1F5EF4020072EEEE = {
			isa = PBXGroup;
			children = (
				9928D6E91F5EF4020072EEEE /* on-the-map */,
				9928D6E81F5EF4020072EEEE /* Products */,
			);
			sourceTree = "<group>";
		};
		9928D6E81F5EF4020072EEEE /* Products */ = {
			isa = PBXGroup;
			children = (
				9928D6E71F5EF4020072EEEE /* on-the-map.app */,
			);
			name = Products;
			sourceTree = "<group>";
		};
		9928D6E91F5EF4020072EEEE /* on-the-map */ = {
			isa = PBXGroup;
			children = (
				9928D6FE1F5EF41A0072EEEE /* Controller */,
				9928D6FD1F5EF4170072EEEE /* View */,
				9928D6FC1F5EF4100072EEEE /* Model */,
				997A5CE71F60456A00564334 /* Util */,
				997A5CE81F60457900564334 /* Assets */,
			);
			path = "on-the-map";
			sourceTree = "<group>";
		};
		9928D6FC1F5EF4100072EEEE /* Model */ = {
			isa = PBXGroup;
			children = (
				9928D7071F5F11D50072EEEE /* Clients */,
			);
			name = Model;
			sourceTree = "<group>";
		};
		9928D6FD1F5EF4170072EEEE /* View */ = {
			isa = PBXGroup;
			children = (
				9928D6EE1F5EF4020072EEEE /* Main.storyboard */,
				9928D6F31F5EF4020072EEEE /* LaunchScreen.storyboard */,
				997A5CE91F6045A400564334 /* PinListTableViewCell.swift */,
			);
			name = View;
			sourceTree = "<group>";
		};
		9928D6FE1F5EF41A0072EEEE /* Controller */ = {
			isa = PBXGroup;
			children = (
				997A5CEB1F606D2C00564334 /* Login */,
				997A5CEC1F606D3400564334 /* Main Map */,
				997A5CEE1F606D4400564334 /* Table */,
				997A5CED1F606D3C00564334 /* Add Pin Flow */,
			);
			name = Controller;
			sourceTree = "<group>";
		};
		9928D7071F5F11D50072EEEE /* Clients */ = {
			isa = PBXGroup;
			children = (
				9928D71B1F5F23270072EEEE /* Udemy Parse */,
				9928D71A1F5F23100072EEEE /* Udemy Users */,
			);
			name = Clients;
			sourceTree = "<group>";
		};
		9928D71A1F5F23100072EEEE /* Udemy Users */ = {
			isa = PBXGroup;
			children = (
				997A5CE11F6033C200564334 /* UDAUser.swift */,
				9928D7081F5F12000072EEEE /* UDAClient.swift */,
			);
			name = "Udemy Users";
			sourceTree = "<group>";
		};
		9928D71B1F5F23270072EEEE /* Udemy Parse */ = {
			isa = PBXGroup;
			children = (
				997A5CDB1F60184000564334 /* CoordinatesRange.swift */,
				9928D71E1F5F35A80072EEEE /* StudentInformation.swift */,
				9928D71C1F5F233B0072EEEE /* PARClient.swift */,
			);
			name = "Udemy Parse";
			sourceTree = "<group>";
		};
		997A5CE71F60456A00564334 /* Util */ = {
			isa = PBXGroup;
			children = (
				997A5CDD1F60197100564334 /* JsonUtil.swift */,
				997A5CDF1F601B0F00564334 /* WebUtils.swift */,
				997A5CE51F603ADD00564334 /* UIUtils.swift */,
				99B562981F61589E00DC587A /* Constants.swift */,
			);
			name = Util;
			sourceTree = "<group>";
		};
		997A5CE81F60457900564334 /* Assets */ = {
			isa = PBXGroup;
			children = (
				9928D6EA1F5EF4020072EEEE /* AppDelegate.swift */,
				9928D6F11F5EF4020072EEEE /* Assets.xcassets */,
				9928D6F61F5EF4020072EEEE /* Info.plist */,
			);
			name = Assets;
			sourceTree = "<group>";
		};
		997A5CEB1F606D2C00564334 /* Login */ = {
			isa = PBXGroup;
			children = (
				9928D6FF1F5EF42B0072EEEE /* LoginViewController.swift */,
			);
			name = Login;
			sourceTree = "<group>";
		};
		997A5CEC1F606D3400564334 /* Main Map */ = {
			isa = PBXGroup;
			children = (
				9928D7011F5EF52B0072EEEE /* MapViewController.swift */,
			);
			name = "Main Map";
			sourceTree = "<group>";
		};
		997A5CED1F606D3C00564334 /* Add Pin Flow */ = {
			isa = PBXGroup;
			children = (
				9928D7031F5EF5750072EEEE /* AddPinViewController.swift */,
				997A5CE31F60367B00564334 /* AddPinMapViewController.swift */,
			);
			name = "Add Pin Flow";
			sourceTree = "<group>";
		};
		997A5CEE1F606D4400564334 /* Table */ = {
			isa = PBXGroup;
			children = (
				9928D7051F5EF59D0072EEEE /* PinListTableViewController.swift */,
			);
			name = Table;
			sourceTree = "<group>";
		};
/* End PBXGroup section */

/* Begin PBXNativeTarget section */
		9928D6E61F5EF4020072EEEE /* on-the-map */ = {
			isa = PBXNativeTarget;
			buildConfigurationList = 9928D6F91F5EF4020072EEEE /* Build configuration list for PBXNativeTarget "on-the-map" */;
			buildPhases = (
				9928D6E31F5EF4020072EEEE /* Sources */,
				9928D6E41F5EF4020072EEEE /* Frameworks */,
				9928D6E51F5EF4020072EEEE /* Resources */,
			);
			buildRules = (
			);
			dependencies = (
			);
			name = "on-the-map";
			productName = "on-the-map";
			productReference = 9928D6E71F5EF4020072EEEE /* on-the-map.app */;
			productType = "com.apple.product-type.application";
		};
/* End PBXNativeTarget section */

/* Begin PBXProject section */
		9928D6DF1F5EF4020072EEEE /* Project object */ = {
			isa = PBXProject;
			attributes = {
				LastSwiftUpdateCheck = 0830;
				LastUpgradeCheck = 0830;
				ORGANIZATIONNAME = "Danilo Gomes";
				TargetAttributes = {
					9928D6E61F5EF4020072EEEE = {
						CreatedOnToolsVersion = 8.3.3;
						ProvisioningStyle = Automatic;
					};
				};
			};
			buildConfigurationList = 9928D6E21F5EF4020072EEEE /* Build configuration list for PBXProject "on-the-map" */;
			compatibilityVersion = "Xcode 3.2";
			developmentRegion = English;
			hasScannedForEncodings = 0;
			knownRegions = (
				en,
				Base,
			);
			mainGroup = 9928D6DE1F5EF4020072EEEE;
			productRefGroup = 9928D6E81F5EF4020072EEEE /* Products */;
			projectDirPath = "";
			projectRoot = "";
			targets = (
				9928D6E61F5EF4020072EEEE /* on-the-map */,
			);
		};
/* End PBXProject section */

/* Begin PBXResourcesBuildPhase section */
		9928D6E51F5EF4020072EEEE /* Resources */ = {
			isa = PBXResourcesBuildPhase;
			buildActionMask = 2147483647;
			files = (
				9928D6F51F5EF4020072EEEE /* LaunchScreen.storyboard in Resources */,
				9928D6F21F5EF4020072EEEE /* Assets.xcassets in Resources */,
				9928D6F01F5EF4020072EEEE /* Main.storyboard in Resources */,
			);
			runOnlyForDeploymentPostprocessing = 0;
		};
/* End PBXResourcesBuildPhase section */

/* Begin PBXSourcesBuildPhase section */
		9928D6E31F5EF4020072EEEE /* Sources */ = {
			isa = PBXSourcesBuildPhase;
			buildActionMask = 2147483647;
			files = (
				997A5CE41F60367B00564334 /* AddPinMapViewController.swift in Sources */,
				9928D71F1F5F35A80072EEEE /* StudentInformation.swift in Sources */,
				997A5CEA1F6045A400564334 /* PinListTableViewCell.swift in Sources */,
				9928D7041F5EF5750072EEEE /* AddPinViewController.swift in Sources */,
				997A5CE61F603ADD00564334 /* UIUtils.swift in Sources */,
				9928D7061F5EF59D0072EEEE /* PinListTableViewController.swift in Sources */,
				997A5CE01F601B0F00564334 /* WebUtils.swift in Sources */,
				99B562991F61589E00DC587A /* Constants.swift in Sources */,
				997A5CDC1F60184000564334 /* CoordinatesRange.swift in Sources */,
				997A5CE21F6033C200564334 /* UDAUser.swift in Sources */,
				9928D7001F5EF42B0072EEEE /* LoginViewController.swift in Sources */,
				9928D7021F5EF52B0072EEEE /* MapViewController.swift in Sources */,
				9928D71D1F5F233B0072EEEE /* PARClient.swift in Sources */,
				9928D6EB1F5EF4020072EEEE /* AppDelegate.swift in Sources */,
				9928D7091F5F12000072EEEE /* UDAClient.swift in Sources */,
				997A5CDE1F60197100564334 /* JsonUtil.swift in Sources */,
			);
			runOnlyForDeploymentPostprocessing = 0;
		};
/* End PBXSourcesBuildPhase section */

/* Begin PBXVariantGroup section */
		9928D6EE1F5EF4020072EEEE /* Main.storyboard */ = {
			isa = PBXVariantGroup;
			children = (
				9928D6EF1F5EF4020072EEEE /* Base */,
			);
			name = Main.storyboard;
			sourceTree = "<group>";
		};
		9928D6F31F5EF4020072EEEE /* LaunchScreen.storyboard */ = {
			isa = PBXVariantGroup;
			children = (
				9928D6F41F5EF4020072EEEE /* Base */,
			);
			name = LaunchScreen.storyboard;
			sourceTree = "<group>";
		};
/* End PBXVariantGroup section */

/* Begin XCBuildConfiguration section */
		9928D6F71F5EF4020072EEEE /* Debug */ = {
			isa = XCBuildConfiguration;
			buildSettings = {
				ALWAYS_SEARCH_USER_PATHS = NO;
				CLANG_ANALYZER_NONNULL = YES;
				CLANG_ANALYZER_NUMBER_OBJECT_CONVERSION = YES_AGGRESSIVE;
				CLANG_CXX_LANGUAGE_STANDARD = "gnu++0x";
				CLANG_CXX_LIBRARY = "libc++";
				CLANG_ENABLE_MODULES = YES;
				CLANG_ENABLE_OBJC_ARC = YES;
				CLANG_WARN_BOOL_CONVERSION = YES;
				CLANG_WARN_CONSTANT_CONVERSION = YES;
				CLANG_WARN_DIRECT_OBJC_ISA_USAGE = YES_ERROR;
				CLANG_WARN_DOCUMENTATION_COMMENTS = YES;
				CLANG_WARN_EMPTY_BODY = YES;
				CLANG_WARN_ENUM_CONVERSION = YES;
				CLANG_WARN_INFINITE_RECURSION = YES;
				CLANG_WARN_INT_CONVERSION = YES;
				CLANG_WARN_OBJC_ROOT_CLASS = YES_ERROR;
				CLANG_WARN_SUSPICIOUS_MOVE = YES;
				CLANG_WARN_UNREACHABLE_CODE = YES;
				CLANG_WARN__DUPLICATE_METHOD_MATCH = YES;
				"CODE_SIGN_IDENTITY[sdk=iphoneos*]" = "iPhone Developer";
				COPY_PHASE_STRIP = NO;
				DEBUG_INFORMATION_FORMAT = dwarf;
				ENABLE_STRICT_OBJC_MSGSEND = YES;
				ENABLE_TESTABILITY = YES;
				GCC_C_LANGUAGE_STANDARD = gnu99;
				GCC_DYNAMIC_NO_PIC = NO;
				GCC_NO_COMMON_BLOCKS = YES;
				GCC_OPTIMIZATION_LEVEL = 0;
				GCC_PREPROCESSOR_DEFINITIONS = (
					"DEBUG=1",
					"$(inherited)",
				);
				GCC_WARN_64_TO_32_BIT_CONVERSION = YES;
				GCC_WARN_ABOUT_RETURN_TYPE = YES_ERROR;
				GCC_WARN_UNDECLARED_SELECTOR = YES;
				GCC_WARN_UNINITIALIZED_AUTOS = YES_AGGRESSIVE;
				GCC_WARN_UNUSED_FUNCTION = YES;
				GCC_WARN_UNUSED_VARIABLE = YES;
				IPHONEOS_DEPLOYMENT_TARGET = 10.3;
				MTL_ENABLE_DEBUG_INFO = YES;
				ONLY_ACTIVE_ARCH = YES;
				SDKROOT = iphoneos;
				SWIFT_ACTIVE_COMPILATION_CONDITIONS = DEBUG;
				SWIFT_OPTIMIZATION_LEVEL = "-Onone";
				TARGETED_DEVICE_FAMILY = "1,2";
			};
			name = Debug;
		};
		9928D6F81F5EF4020072EEEE /* Release */ = {
			isa = XCBuildConfiguration;
			buildSettings = {
				ALWAYS_SEARCH_USER_PATHS = NO;
				CLANG_ANALYZER_NONNULL = YES;
				CLANG_ANALYZER_NUMBER_OBJECT_CONVERSION = YES_AGGRESSIVE;
				CLANG_CXX_LANGUAGE_STANDARD = "gnu++0x";
				CLANG_CXX_LIBRARY = "libc++";
				CLANG_ENABLE_MODULES = YES;
				CLANG_ENABLE_OBJC_ARC = YES;
				CLANG_WARN_BOOL_CONVERSION = YES;
				CLANG_WARN_CONSTANT_CONVERSION = YES;
				CLANG_WARN_DIRECT_OBJC_ISA_USAGE = YES_ERROR;
				CLANG_WARN_DOCUMENTATION_COMMENTS = YES;
				CLANG_WARN_EMPTY_BODY = YES;
				CLANG_WARN_ENUM_CONVERSION = YES;
				CLANG_WARN_INFINITE_RECURSION = YES;
				CLANG_WARN_INT_CONVERSION = YES;
				CLANG_WARN_OBJC_ROOT_CLASS = YES_ERROR;
				CLANG_WARN_SUSPICIOUS_MOVE = YES;
				CLANG_WARN_UNREACHABLE_CODE = YES;
				CLANG_WARN__DUPLICATE_METHOD_MATCH = YES;
				"CODE_SIGN_IDENTITY[sdk=iphoneos*]" = "iPhone Developer";
				COPY_PHASE_STRIP = NO;
				DEBUG_INFORMATION_FORMAT = "dwarf-with-dsym";
				ENABLE_NS_ASSERTIONS = NO;
				ENABLE_STRICT_OBJC_MSGSEND = YES;
				GCC_C_LANGUAGE_STANDARD = gnu99;
				GCC_NO_COMMON_BLOCKS = YES;
				GCC_WARN_64_TO_32_BIT_CONVERSION = YES;
				GCC_WARN_ABOUT_RETURN_TYPE = YES_ERROR;
				GCC_WARN_UNDECLARED_SELECTOR = YES;
				GCC_WARN_UNINITIALIZED_AUTOS = YES_AGGRESSIVE;
				GCC_WARN_UNUSED_FUNCTION = YES;
				GCC_WARN_UNUSED_VARIABLE = YES;
				IPHONEOS_DEPLOYMENT_TARGET = 10.3;
				MTL_ENABLE_DEBUG_INFO = NO;
				SDKROOT = iphoneos;
				SWIFT_OPTIMIZATION_LEVEL = "-Owholemodule";
				TARGETED_DEVICE_FAMILY = "1,2";
				VALIDATE_PRODUCT = YES;
			};
			name = Release;
		};
		9928D6FA1F5EF4020072EEEE /* Debug */ = {
			isa = XCBuildConfiguration;
			buildSettings = {
				ASSETCATALOG_COMPILER_APPICON_NAME = AppIcon;
				INFOPLIST_FILE = "on-the-map/Info.plist";
				LD_RUNPATH_SEARCH_PATHS = "$(inherited) @executable_path/Frameworks";
				PRODUCT_BUNDLE_IDENTIFIER = "com.drsg.samples.on-the-map";
				PRODUCT_NAME = "$(TARGET_NAME)";
				SWIFT_VERSION = 3.0;
			};
			name = Debug;
		};
		9928D6FB1F5EF4020072EEEE /* Release */ = {
			isa = XCBuildConfiguration;
			buildSettings = {
				ASSETCATALOG_COMPILER_APPICON_NAME = AppIcon;
				INFOPLIST_FILE = "on-the-map/Info.plist";
				LD_RUNPATH_SEARCH_PATHS = "$(inherited) @executable_path/Frameworks";
				PRODUCT_BUNDLE_IDENTIFIER = "com.drsg.samples.on-the-map";
				PRODUCT_NAME = "$(TARGET_NAME)";
				SWIFT_VERSION = 3.0;
			};
			name = Release;
		};
/* End XCBuildConfiguration section */

/* Begin XCConfigurationList section */
		9928D6E21F5EF4020072EEEE /* Build configuration list for PBXProject "on-the-map" */ = {
			isa = XCConfigurationList;
			buildConfigurations = (
				9928D6F71F5EF4020072EEEE /* Debug */,
				9928D6F81F5EF4020072EEEE /* Release */,
			);
			defaultConfigurationIsVisible = 0;
			defaultConfigurationName = Release;
		};
		9928D6F91F5EF4020072EEEE /* Build configuration list for PBXNativeTarget "on-the-map" */ = {
			isa = XCConfigurationList;
			buildConfigurations = (
				9928D6FA1F5EF4020072EEEE /* Debug */,
				9928D6FB1F5EF4020072EEEE /* Release */,
			);
			defaultConfigurationIsVisible = 0;
			defaultConfigurationName = Release;
		};
/* End XCConfigurationList section */
	};
	rootObject = 9928D6DF1F5EF4020072EEEE /* Project object */;
}
